PODS:
  - app_links (1.0.0):
    - FlutterMacOS
  - audio_service (0.14.1):
    - FlutterMacOS
  - audio_session (0.0.1):
    - FlutterMacOS
  - bonsoir_darwin (0.0.1):
    - Flutter
    - FlutterMacOS
  - connectivity_plus (0.0.1):
    - Flutter
    - FlutterMacOS
  - desktop_webview_window (0.0.1):
    - FlutterMacOS
  - device_info_plus (0.0.1):
    - FlutterMacOS
  - file_selector_macos (0.0.1):
    - FlutterMacOS
  - flutter_discord_rpc (0.0.1):
    - FlutterMacOS
  - flutter_inappwebview_macos (0.0.1):
    - FlutterMacOS
    - OrderedSet (~> 6.0.3)
  - flutter_secure_storage_macos (6.1.1):
    - FlutterMacOS
  - FlutterMacOS (1.0.0)
  - local_notifier (0.1.0):
    - FlutterMacOS
  - media_kit_libs_macos_audio (1.0.4):
    - FlutterMacOS
  - media_kit_native_event_loop (1.0.0):
    - FlutterMacOS
  - metadata_god (0.0.1):
    - FlutterMacOS
  - open_file_mac (0.0.1):
    - FlutterMacOS
  - OrderedSet (6.0.3)
  - package_info_plus (0.0.1):
    - FlutterMacOS
  - path_provider_foundation (0.0.1):
    - Flutter
    - FlutterMacOS
  - screen_retriever_macos (0.0.1):
    - FlutterMacOS
  - shared_preferences_foundation (0.0.1):
    - Flutter
    - FlutterMacOS
  - sqflite_darwin (0.0.4):
    - Flutter
    - FlutterMacOS
  - sqlite3 (3.47.2):
    - sqlite3/common (= 3.47.2)
  - sqlite3/common (3.47.2)
  - sqlite3/dbstatvtab (3.47.2):
    - sqlite3/common
  - sqlite3/fts5 (3.47.2):
    - sqlite3/common
  - sqlite3/perf-threadsafe (3.47.2):
    - sqlite3/common
  - sqlite3/rtree (3.47.2):
    - sqlite3/common
  - sqlite3_flutter_libs (0.0.1):
    - Flutter
    - FlutterMacOS
    - sqlite3 (~> 3.47.1)
    - sqlite3/dbstatvtab
    - sqlite3/fts5
    - sqlite3/perf-threadsafe
    - sqlite3/rtree
  - system_theme (0.0.1):
    - FlutterMacOS
  - tray_manager (0.0.1):
    - FlutterMacOS
  - url_launcher_macos (0.0.1):
    - FlutterMacOS
  - window_manager (0.2.0):
    - FlutterMacOS

DEPENDENCIES:
  - app_links (from `Flutter/ephemeral/.symlinks/plugins/app_links/macos`)
  - audio_service (from `Flutter/ephemeral/.symlinks/plugins/audio_service/macos`)
  - audio_session (from `Flutter/ephemeral/.symlinks/plugins/audio_session/macos`)
  - bonsoir_darwin (from `Flutter/ephemeral/.symlinks/plugins/bonsoir_darwin/darwin`)
  - connectivity_plus (from `Flutter/ephemeral/.symlinks/plugins/connectivity_plus/darwin`)
  - desktop_webview_window (from `Flutter/ephemeral/.symlinks/plugins/desktop_webview_window/macos`)
  - device_info_plus (from `Flutter/ephemeral/.symlinks/plugins/device_info_plus/macos`)
  - file_selector_macos (from `Flutter/ephemeral/.symlinks/plugins/file_selector_macos/macos`)
  - flutter_discord_rpc (from `Flutter/ephemeral/.symlinks/plugins/flutter_discord_rpc/macos`)
  - flutter_inappwebview_macos (from `Flutter/ephemeral/.symlinks/plugins/flutter_inappwebview_macos/macos`)
  - flutter_secure_storage_macos (from `Flutter/ephemeral/.symlinks/plugins/flutter_secure_storage_macos/macos`)
  - FlutterMacOS (from `Flutter/ephemeral`)
  - local_notifier (from `Flutter/ephemeral/.symlinks/plugins/local_notifier/macos`)
  - media_kit_libs_macos_audio (from `Flutter/ephemeral/.symlinks/plugins/media_kit_libs_macos_audio/macos`)
  - media_kit_native_event_loop (from `Flutter/ephemeral/.symlinks/plugins/media_kit_native_event_loop/macos`)
  - metadata_god (from `Flutter/ephemeral/.symlinks/plugins/metadata_god/macos`)
  - open_file_mac (from `Flutter/ephemeral/.symlinks/plugins/open_file_mac/macos`)
  - package_info_plus (from `Flutter/ephemeral/.symlinks/plugins/package_info_plus/macos`)
  - path_provider_foundation (from `Flutter/ephemeral/.symlinks/plugins/path_provider_foundation/darwin`)
  - screen_retriever_macos (from `Flutter/ephemeral/.symlinks/plugins/screen_retriever_macos/macos`)
  - shared_preferences_foundation (from `Flutter/ephemeral/.symlinks/plugins/shared_preferences_foundation/darwin`)
  - sqflite_darwin (from `Flutter/ephemeral/.symlinks/plugins/sqflite_darwin/darwin`)
  - sqlite3_flutter_libs (from `Flutter/ephemeral/.symlinks/plugins/sqlite3_flutter_libs/darwin`)
  - system_theme (from `Flutter/ephemeral/.symlinks/plugins/system_theme/macos`)
  - tray_manager (from `Flutter/ephemeral/.symlinks/plugins/tray_manager/macos`)
  - url_launcher_macos (from `Flutter/ephemeral/.symlinks/plugins/url_launcher_macos/macos`)
  - window_manager (from `Flutter/ephemeral/.symlinks/plugins/window_manager/macos`)

SPEC REPOS:
  trunk:
    - OrderedSet
    - sqlite3

EXTERNAL SOURCES:
  app_links:
    :path: Flutter/ephemeral/.symlinks/plugins/app_links/macos
  audio_service:
    :path: Flutter/ephemeral/.symlinks/plugins/audio_service/macos
  audio_session:
    :path: Flutter/ephemeral/.symlinks/plugins/audio_session/macos
  bonsoir_darwin:
    :path: Flutter/ephemeral/.symlinks/plugins/bonsoir_darwin/darwin
  connectivity_plus:
    :path: Flutter/ephemeral/.symlinks/plugins/connectivity_plus/darwin
  desktop_webview_window:
    :path: Flutter/ephemeral/.symlinks/plugins/desktop_webview_window/macos
  device_info_plus:
    :path: Flutter/ephemeral/.symlinks/plugins/device_info_plus/macos
  file_selector_macos:
    :path: Flutter/ephemeral/.symlinks/plugins/file_selector_macos/macos
  flutter_discord_rpc:
    :path: Flutter/ephemeral/.symlinks/plugins/flutter_discord_rpc/macos
  flutter_inappwebview_macos:
    :path: Flutter/ephemeral/.symlinks/plugins/flutter_inappwebview_macos/macos
  flutter_secure_storage_macos:
    :path: Flutter/ephemeral/.symlinks/plugins/flutter_secure_storage_macos/macos
  FlutterMacOS:
    :path: Flutter/ephemeral
  local_notifier:
    :path: Flutter/ephemeral/.symlinks/plugins/local_notifier/macos
  media_kit_libs_macos_audio:
    :path: Flutter/ephemeral/.symlinks/plugins/media_kit_libs_macos_audio/macos
  media_kit_native_event_loop:
    :path: Flutter/ephemeral/.symlinks/plugins/media_kit_native_event_loop/macos
  metadata_god:
    :path: Flutter/ephemeral/.symlinks/plugins/metadata_god/macos
  open_file_mac:
    :path: Flutter/ephemeral/.symlinks/plugins/open_file_mac/macos
  package_info_plus:
    :path: Flutter/ephemeral/.symlinks/plugins/package_info_plus/macos
  path_provider_foundation:
    :path: Flutter/ephemeral/.symlinks/plugins/path_provider_foundation/darwin
  screen_retriever_macos:
    :path: Flutter/ephemeral/.symlinks/plugins/screen_retriever_macos/macos
  shared_preferences_foundation:
    :path: Flutter/ephemeral/.symlinks/plugins/shared_preferences_foundation/darwin
  sqflite_darwin:
    :path: Flutter/ephemeral/.symlinks/plugins/sqflite_darwin/darwin
  sqlite3_flutter_libs:
    :path: Flutter/ephemeral/.symlinks/plugins/sqlite3_flutter_libs/darwin
  system_theme:
    :path: Flutter/ephemeral/.symlinks/plugins/system_theme/macos
  tray_manager:
    :path: Flutter/ephemeral/.symlinks/plugins/tray_manager/macos
  url_launcher_macos:
    :path: Flutter/ephemeral/.symlinks/plugins/url_launcher_macos/macos
  window_manager:
    :path: Flutter/ephemeral/.symlinks/plugins/window_manager/macos

SPEC CHECKSUMS:
  app_links: 9028728e32c83a0831d9db8cf91c526d16cc5468
  audio_service: 0d9e4e25347bb3efb768f3b9f005911a81e587a7
  audio_session: 48ab6500f7a5e7c64363e206565a5dfe5a0c1441
  bonsoir_darwin: 29c7ccf356646118844721f36e1de4b61f6cbd0e
  connectivity_plus: 2256d3e20624a7749ed21653aafe291a46446fee
  desktop_webview_window: 2f0cdefecc06e21208a51589bd3d1580a87a703c
  device_info_plus: 4fb280989f669696856f8b129e4a5e3cd6c48f76
  file_selector_macos: 6280b52b459ae6c590af5d78fc35c7267a3c4b31
  flutter_discord_rpc: 90614fcca26f3cebfd33263557ea7875936d184b
  flutter_inappwebview_macos: c2d68649f9f8f1831bfcd98d73fd6256366d9d1d
  flutter_secure_storage_macos: b2d62a774c23b060f0b99d0173b0b36abb4a8632
  FlutterMacOS: 8f6f14fa908a6fb3fba0cd85dbd81ec4b251fb24
  local_notifier: ebf072651e35ae5e47280ad52e2707375cb2ae4e
  media_kit_libs_macos_audio: 06f3cf88d6d89c7c3c87eae57689d1c6adb335b2
  media_kit_native_event_loop: a5833d1e4d5bedb6f691e9909fa57f15f436f2c8
  metadata_god: 8029e6ff4b1400ae4f13c38d2c478e8633f0e58b
  open_file_mac: 01874b6d6a2c1485ac9b126d7105b99102dea2cf
  OrderedSet: e539b66b644ff081c73a262d24ad552a69be3a94
  package_info_plus: a8a591e70e87ce97ce5d21b2594f69cea9e0312f
  path_provider_foundation: 080d55be775b7414fd5a5ef3ac137b97b097e564
  screen_retriever_macos: 452e51764a9e1cdb74b3c541238795849f21557f
  shared_preferences_foundation: 9e1978ff2562383bd5676f64ec4e9aa8fa06a6f7
  sqflite_darwin: 20b2a3a3b70e43edae938624ce550a3cbf66a3d0
  sqlite3: 7559e33dae4c78538df563795af3a86fc887ee71
  sqlite3_flutter_libs: f0b59f6bb2a18597d0796558725007e5a7428397
  system_theme: ed74293ad07d3a05e3e2d0059ff342360346f1a0
  tray_manager: a104b5c81b578d83f3c3d0f40a997c8b10810166
  url_launcher_macos: 0fba8ddabfc33ce0a9afe7c5fef5aab3d8d2d673
  window_manager: 1d01fa7ac65a6e6f83b965471b1a7fdd3f06166c

PODFILE CHECKSUM: 0d3963a09fc94f580682bd88480486da345dc3f0

COCOAPODS: 1.16.2
